# @generated - this file is auto-generated by `mise lock` https://mise.jdx.dev/dev-tools/mise-lock.html

[[tools."github:afrigon/mc"]]
version = "0.6.2"
backend = "github:afrigon/mc"

[tools."github:afrigon/mc"."platforms.linux-arm64"]
checksum = "sha256:37b015a86528b06a6f729f05f82a461f6ba49c5057377c2617546638269d0e3a"
url = "https://github.com/afrigon/mc/releases/download/v0.6.2/mc-linux-aarch64.tar.gz"
url_api = "https://api.github.com/repos/afrigon/mc/releases/assets/490878695"

[tools."github:afrigon/mc"."platforms.linux-arm64-musl"]
checksum = "sha256:37b015a86528b06a6f729f05f82a461f6ba49c5057377c2617546638269d0e3a"
url = "https://github.com/afrigon/mc/releases/download/v0.6.2/mc-linux-aarch64.tar.gz"
url_api = "https://api.github.com/repos/afrigon/mc/releases/assets/490878695"

[tools."github:afrigon/mc"."platforms.linux-x64"]
checksum = "sha256:1b425d8d209555661dc6243fe54aa31beed5cec883c2f2e5223166c31adea316"
url = "https://github.com/afrigon/mc/releases/download/v0.6.2/mc-linux-x86_64.tar.gz"
url_api = "https://api.github.com/repos/afrigon/mc/releases/assets/490878693"

[tools."github:afrigon/mc"."platforms.linux-x64-musl"]
checksum = "sha256:1b425d8d209555661dc6243fe54aa31beed5cec883c2f2e5223166c31adea316"
url = "https://github.com/afrigon/mc/releases/download/v0.6.2/mc-linux-x86_64.tar.gz"
url_api = "https://api.github.com/repos/afrigon/mc/releases/assets/490878693"

[tools."github:afrigon/mc"."platforms.macos-arm64"]
checksum = "sha256:d239371c64b7af4cab0e0c9baaa025859348365b57ce4004033c4b437ebe7246"
url = "https://github.com/afrigon/mc/releases/download/v0.6.2/mc-macos-aarch64.tar.gz"
url_api = "https://api.github.com/repos/afrigon/mc/releases/assets/490878694"

[tools."github:afrigon/mc"."platforms.macos-x64"]
checksum = "sha256:0168caf3cb03eadc355772dd985a6e4ffcb05aa67082ef73c074c80ddb06c0ef"
url = "https://github.com/afrigon/mc/releases/download/v0.6.2/mc-macos-x86_64.tar.gz"
url_api = "https://api.github.com/repos/afrigon/mc/releases/assets/490878691"

[tools."github:afrigon/mc"."platforms.windows-x64"]
checksum = "sha256:08c1d232a0e55f0a089be449f6dd948e647521ed8cf4d6b5288e7e44c939b918"
url = "https://github.com/afrigon/mc/releases/download/v0.6.2/mc-windows-x86_64.zip"
url_api = "https://api.github.com/repos/afrigon/mc/releases/assets/490878692"
